
Microsoft Visual Studio Solution File, Format Version 12.00
# Visual Studio Version 16
VisualStudioVersion = 16.0.33423.256
MinimumVisualStudioVersion = 10.0.40219.1
Project("{FAE04EC0-301F-11D3-BF4B-00C04F79EFBC}") = "Biblioteca", "Biblioteca.csproj", "{A2F43F98-4255-46BF-AB38-26964E77F7C9}"
EndProject
Global
	GlobalSection(SolutionConfigurationPlatforms) = preSolution
		Debug|Any CPU = Debug|Any CPU
		Release|Any CPU = Release|Any CPU
	EndGlobalSection
	GlobalSection(ProjectConfigurationPlatforms) = postSolution
		{A2F43F98-4255-46BF-AB38-26964E77F7C9}.Debug|Any CPU.ActiveCfg = Debug|Any CPU
		{A2F43F98-4255-46BF-AB38-26964E77F7C9}.Debug|Any CPU.Build.0 = Debug|Any CPU
		{A2F43F98-4255-46BF-AB38-26964E77F7C9}.Release|Any CPU.ActiveCfg = Release|Any CPU
		{A2F43F98-4255-46BF-AB38-26964E77F7C9}.Release|Any CPU.Build.0 = Release|Any CPU
	EndGlobalSection
	GlobalSection(SolutionProperties) = preSolution
		HideSolutionNode = FALSE
	EndGlobalSection
	GlobalSection(ExtensibilityGlobals) = postSolution
		SolutionGuid = {D7589441-3084-4E10-815E-DF7C9B88DC89}
	EndGlobalSection
EndGlobal
